
Microsoft Visual Studio Solution File, Format Version 12.00
# Visual Studio Version 16
VisualStudioVersion = 16.0.29025.244
MinimumVisualStudioVersion = 10.0.40219.1
Project("{9A19103F-16F7-4668-BE54-9A1E7A4F7556}") = "PwnedSharp", "PwnedSharp\PwnedSharp.csproj", "{5AB0D31B-D97A-4C5B-8F5A-970AC00349AE}"
EndProject
Project("{FAE04EC0-301F-11D3-BF4B-00C04F79EFBC}") = "PwnedSharpTest", "PwnedSharpTest\PwnedSharpTest.csproj", "{5D6A2856-6E8C-49C6-94E6-983E3D88DBBF}"
EndProject
Global
	GlobalSection(SolutionConfigurationPlatforms) = preSolution
		Debug|Any CPU = Debug|Any CPU
		Release|Any CPU = Release|Any CPU
	EndGlobalSection
	GlobalSection(ProjectConfigurationPlatforms) = postSolution
		{5AB0D31B-D97A-4C5B-8F5A-970AC00349AE}.Debug|Any CPU.ActiveCfg = Debug|Any CPU
		{5AB0D31B-D97A-4C5B-8F5A-970AC00349AE}.Debug|Any CPU.Build.0 = Debug|Any CPU
		{5AB0D31B-D97A-4C5B-8F5A-970AC00349AE}.Release|Any CPU.ActiveCfg = Release|Any CPU
		{5AB0D31B-D97A-4C5B-8F5A-970AC00349AE}.Release|Any CPU.Build.0 = Release|Any CPU
		{5D6A2856-6E8C-49C6-94E6-983E3D88DBBF}.Debug|Any CPU.ActiveCfg = Debug|Any CPU
		{5D6A2856-6E8C-49C6-94E6-983E3D88DBBF}.Debug|Any CPU.Build.0 = Debug|Any CPU
		{5D6A2856-6E8C-49C6-94E6-983E3D88DBBF}.Release|Any CPU.ActiveCfg = Release|Any CPU
		{5D6A2856-6E8C-49C6-94E6-983E3D88DBBF}.Release|Any CPU.Build.0 = Release|Any CPU
	EndGlobalSection
	GlobalSection(SolutionProperties) = preSolution
		HideSolutionNode = FALSE
	EndGlobalSection
	GlobalSection(ExtensibilityGlobals) = postSolution
		SolutionGuid = {BF2DE490-70B0-480C-80C4-E786BEDB73EA}
	EndGlobalSection
EndGlobal
